
Microsoft Visual Studio Solution File, Format Version 12.00
# Visual Studio Version 17
VisualStudioVersion = 17.7.34031.279
MinimumVisualStudioVersion = 10.0.40219.1
Project("{9A19103F-16F7-4668-BE54-9A1E7A4F7556}") = "CashFlowAPI.Api", "src\Api\CashFlowAPI.Api.csproj", "{428FC72D-9490-4BEE-8B5C-A736E15642F3}"
EndProject
Project("{9A19103F-16F7-4668-BE54-9A1E7A4F7556}") = "CashFlowAPI.Application", "src\Application\CashFlowAPI.Application.csproj", "{4FCD7CFF-A238-4A68-9364-C1CA6967DD01}"
EndProject
Project("{9A19103F-16F7-4668-BE54-9A1E7A4F7556}") = "CashFlowAPI.Domain", "src\Domain\CashFlowAPI.Domain.csproj", "{461288DB-0A61-4A73-9017-3FA63E43E8E1}"
EndProject
Project("{9A19103F-16F7-4668-BE54-9A1E7A4F7556}") = "CashFlowAPI.Infrastructure", "src\Infrastructure\CashFlowAPI.Infrastructure.csproj", "{09A659C2-A5FB-4A0D-8A54-2F2F47AE3605}"
EndProject
Global
	GlobalSection(SolutionConfigurationPlatforms) = preSolution
		Debug|Any CPU = Debug|Any CPU
		Release|Any CPU = Release|Any CPU
	EndGlobalSection
	GlobalSection(ProjectConfigurationPlatforms) = postSolution
		{428FC72D-9490-4BEE-8B5C-A736E15642F3}.Debug|Any CPU.ActiveCfg = Debug|Any CPU
		{428FC72D-9490-4BEE-8B5C-A736E15642F3}.Debug|Any CPU.Build.0 = Debug|Any CPU
		{428FC72D-9490-4BEE-8B5C-A736E15642F3}.Release|Any CPU.ActiveCfg = Release|Any CPU
		{428FC72D-9490-4BEE-8B5C-A736E15642F3}.Release|Any CPU.Build.0 = Release|Any CPU
		{4FCD7CFF-A238-4A68-9364-C1CA6967DD01}.Debug|Any CPU.ActiveCfg = Debug|Any CPU
		{4FCD7CFF-A238-4A68-9364-C1CA6967DD01}.Debug|Any CPU.Build.0 = Debug|Any CPU
		{4FCD7CFF-A238-4A68-9364-C1CA6967DD01}.Release|Any CPU.ActiveCfg = Release|Any CPU
		{4FCD7CFF-A238-4A68-9364-C1CA6967DD01}.Release|Any CPU.Build.0 = Release|Any CPU
		{461288DB-0A61-4A73-9017-3FA63E43E8E1}.Debug|Any CPU.ActiveCfg = Debug|Any CPU
		{461288DB-0A61-4A73-9017-3FA63E43E8E1}.Debug|Any CPU.Build.0 = Debug|Any CPU
		{461288DB-0A61-4A73-9017-3FA63E43E8E1}.Release|Any CPU.ActiveCfg = Release|Any CPU
		{461288DB-0A61-4A73-9017-3FA63E43E8E1}.Release|Any CPU.Build.0 = Release|Any CPU
		{09A659C2-A5FB-4A0D-8A54-2F2F47AE3605}.Debug|Any CPU.ActiveCfg = Debug|Any CPU
		{09A659C2-A5FB-4A0D-8A54-2F2F47AE3605}.Debug|Any CPU.Build.0 = Debug|Any CPU
		{09A659C2-A5FB-4A0D-8A54-2F2F47AE3605}.Release|Any CPU.ActiveCfg = Release|Any CPU
		{09A659C2-A5FB-4A0D-8A54-2F2F47AE3605}.Release|Any CPU.Build.0 = Release|Any CPU
	EndGlobalSection
	GlobalSection(SolutionProperties) = preSolution
		HideSolutionNode = FALSE
	EndGlobalSection
	GlobalSection(ExtensibilityGlobals) = postSolution
		SolutionGuid = {CD2CB907-E901-4DF8-8FF2-5CB942D6F022}
	EndGlobalSection
EndGlobal
